{
  "lockfileVersion": 1,
  "workspaces": {
    "": {
      "name": "sample-app-test-fixture",
      "dependencies": {
        "@asenajs/asena": "^0.4.0",
        "@asenajs/hono-adapter": "^1.2.0",
      },
    },
  },
  "packages": {
    "@asenajs/asena": ["@asenajs/asena@0.4.0", "", { "dependencies": { "reflect-metadata": "^0.2.2" } }, "sha512-aVgzJK8WzilOQ9wy1vtRTEXrm1Tr2CUpUlRjlk0CJH4FLk3/By5twgqwmyie4Brh8bRDauHzeuJRgejiyo+w5A=="],

    "@asenajs/hono-adapter": ["@asenajs/hono-adapter@1.2.0", "", { "dependencies": { "@asenajs/asena": "^0.4.0", "@hono/zod-validator": "^0.4.3", "hono": "^4.9.12", "zod": "^3.25.76" }, "peerDependencies": { "typescript": "^5.8.2" } }, "sha512-lV1D53JK3Qu94FuPfgcALrg1d/gpQiKre/iQlgbInxGsaom7OxTWy2uM5JaHDz0+B6v5W/+fCuOZ3f173OsuQQ=="],

    "@hono/zod-validator": ["@hono/zod-validator@0.4.3", "", { "peerDependencies": { "hono": ">=3.9.0", "zod": "^3.19.1" } }, "sha512-xIgMYXDyJ4Hj6ekm9T9Y27s080Nl9NXHcJkOvkXPhubOLj8hZkOL8pDnnXfvCf5xEE8Q4oMFenQUZZREUY2gqQ=="],

    "hono": ["hono@4.9.12", "", {}, "sha512-SrTC0YxqPwnN7yKa8gg/giLyQ2pILCKoideIHbYbFQlWZjYt68D2A4Ae1hehO/aDQ6RmTcpqOV/O2yBtMzx/VQ=="],

    "reflect-metadata": ["reflect-metadata@0.2.2", "", {}, "sha512-urBwgfrvVP/eAyXx4hluJivBKzuEbSQs9rKWCrCkbSxNv8mxPcUZKeuoF3Uy4mJl3Lwprp6yy5/39VWigZ4K6Q=="],

    "typescript": ["typescript@5.9.3", "", { "bin": { "tsc": "bin/tsc", "tsserver": "bin/tsserver" } }, "sha512-jl1vZzPDinLr9eUt3J/t7V6FgNEw9QjvBPdysz9KfQDD41fQrC2Y4vKQdiaUpFT4bXlb1RHhLpp8wtm6M5TgSw=="],

    "zod": ["zod@3.25.76", "", {}, "sha512-gzUt/qt81nXsFGKIFcC3YnfEAx5NkunCfnDlvuBSSFS02bcXu4Lmea0AFIUwbLWxWPx3d9p8S5QoaujKcNQxcQ=="],
  }
}
